// !$*UTF8*$!
{
	archiveVersion = 1;
	classes = {
	};
	objectVersion = 46;
	objects = {

/* Begin PBXBuildFile section */
		3B31F8F21D260F69005B2495 /* WMJPoperTransitionManager.swift in Sources */ = {isa = PBXBuildFile; fileRef = 3B31F8F11D260F69005B2495 /* WMJPoperTransitionManager.swift */; };
		3B31F8F71D2641A3005B2495 /* SQCode.storyboard in Resources */ = {isa = PBXBuildFile; fileRef = 3B31F8F61D2641A3005B2495 /* SQCode.storyboard */; };
		3B31F8F91D2644EC005B2495 /* WMJSQCodeViewController.swift in Sources */ = {isa = PBXBuildFile; fileRef = 3B31F8F81D2644EC005B2495 /* WMJSQCodeViewController.swift */; };
		3B31F8FB1D2A073D005B2495 /* WMJSQCodeCreateViewController.swift in Sources */ = {isa = PBXBuildFile; fileRef = 3B31F8FA1D2A073D005B2495 /* WMJSQCodeCreateViewController.swift */; };
		3B369DAB1D2368AC009EBE44 /* UIButton+Extension.swift in Sources */ = {isa = PBXBuildFile; fileRef = 3B369DAA1D2368AC009EBE44 /* UIButton+Extension.swift */; };
		3B369DAD1D23709A009EBE44 /* Main.storyboard in Resources */ = {isa = PBXBuildFile; fileRef = 3B369DAC1D23709A009EBE44 /* Main.storyboard */; };
		3B369DAF1D237A5F009EBE44 /* Home.storyboard in Resources */ = {isa = PBXBuildFile; fileRef = 3B369DAE1D237A5F009EBE44 /* Home.storyboard */; };
		3B369DB11D237A7A009EBE44 /* Message.storyboard in Resources */ = {isa = PBXBuildFile; fileRef = 3B369DB01D237A7A009EBE44 /* Message.storyboard */; };
		3B369DB31D237A8C009EBE44 /* Add.storyboard in Resources */ = {isa = PBXBuildFile; fileRef = 3B369DB21D237A8C009EBE44 /* Add.storyboard */; };
		3B369DB51D237A9C009EBE44 /* Discover.storyboard in Resources */ = {isa = PBXBuildFile; fileRef = 3B369DB41D237A9C009EBE44 /* Discover.storyboard */; };
		3B369DB71D237AAA009EBE44 /* Me.storyboard in Resources */ = {isa = PBXBuildFile; fileRef = 3B369DB61D237AAA009EBE44 /* Me.storyboard */; };
		3B369DB91D2395F7009EBE44 /* BaseTableViewController.swift in Sources */ = {isa = PBXBuildFile; fileRef = 3B369DB81D2395F7009EBE44 /* BaseTableViewController.swift */; };
		3B369DBB1D23971D009EBE44 /* VisitorView.xib in Resources */ = {isa = PBXBuildFile; fileRef = 3B369DBA1D23971D009EBE44 /* VisitorView.xib */; };
		3B369DBD1D239753009EBE44 /* VisitorView.swift in Sources */ = {isa = PBXBuildFile; fileRef = 3B369DBC1D239753009EBE44 /* VisitorView.swift */; };
		3B369DC11D23BF45009EBE44 /* UIBarButtonItem+Extension.swift in Sources */ = {isa = PBXBuildFile; fileRef = 3B369DC01D23BF45009EBE44 /* UIBarButtonItem+Extension.swift */; };
		3B369DC31D23C5D9009EBE44 /* TitleButton.swift in Sources */ = {isa = PBXBuildFile; fileRef = 3B369DC21D23C5D9009EBE44 /* TitleButton.swift */; };
		3B369DC51D24B7F5009EBE44 /* HomeMenu.storyboard in Resources */ = {isa = PBXBuildFile; fileRef = 3B369DC41D24B7F5009EBE44 /* HomeMenu.storyboard */; };
		3B369DCA1D24C55D009EBE44 /* WMJPresentationController.swift in Sources */ = {isa = PBXBuildFile; fileRef = 3B369DC91D24C55D009EBE44 /* WMJPresentationController.swift */; };
		3B63B9261D2D137F00FC6D5A /* String+Extension.swift in Sources */ = {isa = PBXBuildFile; fileRef = 3B63B9251D2D137F00FC6D5A /* String+Extension.swift */; };
		3B63B9281D2DEFB800FC6D5A /* NetworkTools.swift in Sources */ = {isa = PBXBuildFile; fileRef = 3B63B9271D2DEFB800FC6D5A /* NetworkTools.swift */; };
		3B63B92B1D2DF5D100FC6D5A /* OAuthViewController.swift in Sources */ = {isa = PBXBuildFile; fileRef = 3B63B92A1D2DF5D100FC6D5A /* OAuthViewController.swift */; };
		3B63B92D1D2DF61500FC6D5A /* OAuth.storyboard in Resources */ = {isa = PBXBuildFile; fileRef = 3B63B92C1D2DF61500FC6D5A /* OAuth.storyboard */; };
		3B63B92F1D2E1F8C00FC6D5A /* UserAccount.swift in Sources */ = {isa = PBXBuildFile; fileRef = 3B63B92E1D2E1F8C00FC6D5A /* UserAccount.swift */; };
		3BE6AB9B1D2BA8700030A511 /* Common.swift in Sources */ = {isa = PBXBuildFile; fileRef = 3BE6AB9A1D2BA8700030A511 /* Common.swift */; };
		3BF49B5F1D21313100C08108 /* AppDelegate.swift in Sources */ = {isa = PBXBuildFile; fileRef = 3BF49B5E1D21313100C08108 /* AppDelegate.swift */; };
		3BF49B751D21344F00C08108 /* Assets.xcassets in Resources */ = {isa = PBXBuildFile; fileRef = 3BF49B741D21344F00C08108 /* Assets.xcassets */; };
		3BF49B811D22154C00C08108 /* MainViewController.swift in Sources */ = {isa = PBXBuildFile; fileRef = 3BF49B801D22154C00C08108 /* MainViewController.swift */; };
		3BF49B831D22156D00C08108 /* HomeTableViewController.swift in Sources */ = {isa = PBXBuildFile; fileRef = 3BF49B821D22156D00C08108 /* HomeTableViewController.swift */; };
		3BF49B851D22158900C08108 /* MessageTableViewController.swift in Sources */ = {isa = PBXBuildFile; fileRef = 3BF49B841D22158900C08108 /* MessageTableViewController.swift */; };
		3BF49B871D2215A400C08108 /* AddTableViewController.swift in Sources */ = {isa = PBXBuildFile; fileRef = 3BF49B861D2215A400C08108 /* AddTableViewController.swift */; };
		3BF49B891D2215B100C08108 /* DiscoverTableViewController.swift in Sources */ = {isa = PBXBuildFile; fileRef = 3BF49B881D2215B100C08108 /* DiscoverTableViewController.swift */; };
		3BF49B8B1D2215BE00C08108 /* MeTableViewController.swift in Sources */ = {isa = PBXBuildFile; fileRef = 3BF49B8A1D2215BE00C08108 /* MeTableViewController.swift */; };
		3BF49B8E1D2259BC00C08108 /* MainVCSettings.json in Resources */ = {isa = PBXBuildFile; fileRef = 3BF49B8D1D2259BC00C08108 /* MainVCSettings.json */; };
		6483BB1EDEBF14EFA70C743D /* Pods_WMJWeiBo.framework in Frameworks */ = {isa = PBXBuildFile; fileRef = D85A0CDFDD0AE21DB39B240A /* Pods_WMJWeiBo.framework */; };
/* End PBXBuildFile section */

/* Begin PBXFileReference section */
		3B31F8F11D260F69005B2495 /* WMJPoperTransitionManager.swift */ = {isa = PBXFileReference; fileEncoding = 4; lastKnownFileType = sourcecode.swift; path = WMJPoperTransitionManager.swift; sourceTree = "<group>"; };
		3B31F8F61D2641A3005B2495 /* SQCode.storyboard */ = {isa = PBXFileReference; fileEncoding = 4; lastKnownFileType = file.storyboard; path = SQCode.storyboard; sourceTree = "<group>"; };
		3B31F8F81D2644EC005B2495 /* WMJSQCodeViewController.swift */ = {isa = PBXFileReference; fileEncoding = 4; lastKnownFileType = sourcecode.swift; path = WMJSQCodeViewController.swift; sourceTree = "<group>"; };
		3B31F8FA1D2A073D005B2495 /* WMJSQCodeCreateViewController.swift */ = {isa = PBXFileReference; fileEncoding = 4; lastKnownFileType = sourcecode.swift; path = WMJSQCodeCreateViewController.swift; sourceTree = "<group>"; };
		3B369DAA1D2368AC009EBE44 /* UIButton+Extension.swift */ = {isa = PBXFileReference; fileEncoding = 4; lastKnownFileType = sourcecode.swift; path = "UIButton+Extension.swift"; sourceTree = "<group>"; };
		3B369DAC1D23709A009EBE44 /* Main.storyboard */ = {isa = PBXFileReference; fileEncoding = 4; lastKnownFileType = file.storyboard; path = Main.storyboard; sourceTree = "<group>"; };
		3B369DAE1D237A5F009EBE44 /* Home.storyboard */ = {isa = PBXFileReference; fileEncoding = 4; lastKnownFileType = file.storyboard; name = Home.storyboard; path = ../Main/Home.storyboard; sourceTree = "<group>"; };
		3B369DB01D237A7A009EBE44 /* Message.storyboard */ = {isa = PBXFileReference; fileEncoding = 4; lastKnownFileType = file.storyboard; name = Message.storyboard; path = ../Main/Message.storyboard; sourceTree = "<group>"; };
		3B369DB21D237A8C009EBE44 /* Add.storyboard */ = {isa = PBXFileReference; fileEncoding = 4; lastKnownFileType = file.storyboard; name = Add.storyboard; path = ../Main/Add.storyboard; sourceTree = "<group>"; };
		3B369DB41D237A9C009EBE44 /* Discover.storyboard */ = {isa = PBXFileReference; fileEncoding = 4; lastKnownFileType = file.storyboard; name = Discover.storyboard; path = ../Main/Discover.storyboard; sourceTree = "<group>"; };
		3B369DB61D237AAA009EBE44 /* Me.storyboard */ = {isa = PBXFileReference; fileEncoding = 4; lastKnownFileType = file.storyboard; name = Me.storyboard; path = ../Main/Me.storyboard; sourceTree = "<group>"; };
		3B369DB81D2395F7009EBE44 /* BaseTableViewController.swift */ = {isa = PBXFileReference; fileEncoding = 4; lastKnownFileType = sourcecode.swift; path = BaseTableViewController.swift; sourceTree = "<group>"; };
		3B369DBA1D23971D009EBE44 /* VisitorView.xib */ = {isa = PBXFileReference; fileEncoding = 4; lastKnownFileType = file.xib; path = VisitorView.xib; sourceTree = "<group>"; };
		3B369DBC1D239753009EBE44 /* VisitorView.swift */ = {isa = PBXFileReference; fileEncoding = 4; lastKnownFileType = sourcecode.swift; path = VisitorView.swift; sourceTree = "<group>"; };
		3B369DC01D23BF45009EBE44 /* UIBarButtonItem+Extension.swift */ = {isa = PBXFileReference; fileEncoding = 4; lastKnownFileType = sourcecode.swift; path = "UIBarButtonItem+Extension.swift"; sourceTree = "<group>"; };
		3B369DC21D23C5D9009EBE44 /* TitleButton.swift */ = {isa = PBXFileReference; fileEncoding = 4; lastKnownFileType = sourcecode.swift; path = TitleButton.swift; sourceTree = "<group>"; };
		3B369DC41D24B7F5009EBE44 /* HomeMenu.storyboard */ = {isa = PBXFileReference; fileEncoding = 4; lastKnownFileType = file.storyboard; path = HomeMenu.storyboard; sourceTree = "<group>"; };
		3B369DC91D24C55D009EBE44 /* WMJPresentationController.swift */ = {isa = PBXFileReference; fileEncoding = 4; lastKnownFileType = sourcecode.swift; path = WMJPresentationController.swift; sourceTree = "<group>"; };
		3B63B9251D2D137F00FC6D5A /* String+Extension.swift */ = {isa = PBXFileReference; fileEncoding = 4; lastKnownFileType = sourcecode.swift; path = "String+Extension.swift"; sourceTree = "<group>"; };
		3B63B9271D2DEFB800FC6D5A /* NetworkTools.swift */ = {isa = PBXFileReference; fileEncoding = 4; lastKnownFileType = sourcecode.swift; path = NetworkTools.swift; sourceTree = "<group>"; };
		3B63B92A1D2DF5D100FC6D5A /* OAuthViewController.swift */ = {isa = PBXFileReference; fileEncoding = 4; lastKnownFileType = sourcecode.swift; path = OAuthViewController.swift; sourceTree = "<group>"; };
		3B63B92C1D2DF61500FC6D5A /* OAuth.storyboard */ = {isa = PBXFileReference; fileEncoding = 4; lastKnownFileType = file.storyboard; path = OAuth.storyboard; sourceTree = "<group>"; };
		3B63B92E1D2E1F8C00FC6D5A /* UserAccount.swift */ = {isa = PBXFileReference; fileEncoding = 4; lastKnownFileType = sourcecode.swift; path = UserAccount.swift; sourceTree = "<group>"; };
		3BE6AB9A1D2BA8700030A511 /* Common.swift */ = {isa = PBXFileReference; fileEncoding = 4; lastKnownFileType = sourcecode.swift; path = Common.swift; sourceTree = "<group>"; };
		3BF49B5B1D21313100C08108 /* WMJWeiBo.app */ = {isa = PBXFileReference; explicitFileType = wrapper.application; includeInIndex = 0; path = WMJWeiBo.app; sourceTree = BUILT_PRODUCTS_DIR; };
		3BF49B5E1D21313100C08108 /* AppDelegate.swift */ = {isa = PBXFileReference; lastKnownFileType = sourcecode.swift; path = AppDelegate.swift; sourceTree = "<group>"; };
		3BF49B6A1D21313100C08108 /* Info.plist */ = {isa = PBXFileReference; lastKnownFileType = text.plist.xml; path = Info.plist; sourceTree = "<group>"; };
		3BF49B741D21344F00C08108 /* Assets.xcassets */ = {isa = PBXFileReference; lastKnownFileType = folder.assetcatalog; path = Assets.xcassets; sourceTree = "<group>"; };
		3BF49B801D22154C00C08108 /* MainViewController.swift */ = {isa = PBXFileReference; fileEncoding = 4; lastKnownFileType = sourcecode.swift; path = MainViewController.swift; sourceTree = "<group>"; };
		3BF49B821D22156D00C08108 /* HomeTableViewController.swift */ = {isa = PBXFileReference; fileEncoding = 4; lastKnownFileType = sourcecode.swift; path = HomeTableViewController.swift; sourceTree = "<group>"; };
		3BF49B841D22158900C08108 /* MessageTableViewController.swift */ = {isa = PBXFileReference; fileEncoding = 4; lastKnownFileType = sourcecode.swift; path = MessageTableViewController.swift; sourceTree = "<group>"; };
		3BF49B861D2215A400C08108 /* AddTableViewController.swift */ = {isa = PBXFileReference; fileEncoding = 4; lastKnownFileType = sourcecode.swift; path = AddTableViewController.swift; sourceTree = "<group>"; };
		3BF49B881D2215B100C08108 /* DiscoverTableViewController.swift */ = {isa = PBXFileReference; fileEncoding = 4; lastKnownFileType = sourcecode.swift; path = DiscoverTableViewController.swift; sourceTree = "<group>"; };
		3BF49B8A1D2215BE00C08108 /* MeTableViewController.swift */ = {isa = PBXFileReference; fileEncoding = 4; lastKnownFileType = sourcecode.swift; path = MeTableViewController.swift; sourceTree = "<group>"; };
		3BF49B8D1D2259BC00C08108 /* MainVCSettings.json */ = {isa = PBXFileReference; fileEncoding = 4; lastKnownFileType = text.json; path = MainVCSettings.json; sourceTree = "<group>"; };
		B117AD1099D64313A684CB82 /* Pods-WMJWeiBo.release.xcconfig */ = {isa = PBXFileReference; includeInIndex = 1; lastKnownFileType = text.xcconfig; name = "Pods-WMJWeiBo.release.xcconfig"; path = "Pods/Target Support Files/Pods-WMJWeiBo/Pods-WMJWeiBo.release.xcconfig"; sourceTree = "<group>"; };
		D85A0CDFDD0AE21DB39B240A /* Pods_WMJWeiBo.framework */ = {isa = PBXFileReference; explicitFileType = wrapper.framework; includeInIndex = 0; path = Pods_WMJWeiBo.framework; sourceTree = BUILT_PRODUCTS_DIR; };
		DF940D28F6903869D1BDAB17 /* Pods-WMJWeiBo.debug.xcconfig */ = {isa = PBXFileReference; includeInIndex = 1; lastKnownFileType = text.xcconfig; name = "Pods-WMJWeiBo.debug.xcconfig"; path = "Pods/Target Support Files/Pods-WMJWeiBo/Pods-WMJWeiBo.debug.xcconfig"; sourceTree = "<group>"; };
/* End PBXFileReference section */

/* Begin PBXFrameworksBuildPhase section */
		3BF49B581D21313100C08108 /* Frameworks */ = {
			isa = PBXFrameworksBuildPhase;
			buildActionMask = 2147483647;
			files = (
				6483BB1EDEBF14EFA70C743D /* Pods_WMJWeiBo.framework in Frameworks */,
			);
			runOnlyForDeploymentPostprocessing = 0;
		};
/* End PBXFrameworksBuildPhase section */

/* Begin PBXGroup section */
		3B31F8F31D2640F8005B2495 /* ScanCode */ = {
			isa = PBXGroup;
			children = (
				3B31F8F61D2641A3005B2495 /* SQCode.storyboard */,
				3B31F8F81D2644EC005B2495 /* WMJSQCodeViewController.swift */,
				3B31F8FA1D2A073D005B2495 /* WMJSQCodeCreateViewController.swift */,
			);
			name = ScanCode;
			sourceTree = "<group>";
		};
		3B369DC81D24C009009EBE44 /* Menu */ = {
			isa = PBXGroup;
			children = (
				3B369DC41D24B7F5009EBE44 /* HomeMenu.storyboard */,
				3B369DC91D24C55D009EBE44 /* WMJPresentationController.swift */,
				3B31F8F11D260F69005B2495 /* WMJPoperTransitionManager.swift */,
			);
			name = Menu;
			sourceTree = "<group>";
		};
		3B63B9291D2DF57900FC6D5A /* OAuth */ = {
			isa = PBXGroup;
			children = (
				3B63B92A1D2DF5D100FC6D5A /* OAuthViewController.swift */,
				3B63B92C1D2DF61500FC6D5A /* OAuth.storyboard */,
				3B63B92E1D2E1F8C00FC6D5A /* UserAccount.swift */,
			);
			name = OAuth;
			sourceTree = "<group>";
		};
		3BF49B521D21313100C08108 = {
			isa = PBXGroup;
			children = (
				3BF49B5D1D21313100C08108 /* WMJWeiBo */,
				3BF49B5C1D21313100C08108 /* Products */,
				D0F3864799027B88E705C440 /* Pods */,
				D07E25714A536B8D80540F3D /* Frameworks */,
			);
			sourceTree = "<group>";
		};
		3BF49B5C1D21313100C08108 /* Products */ = {
			isa = PBXGroup;
			children = (
				3BF49B5B1D21313100C08108 /* WMJWeiBo.app */,
			);
			name = Products;
			sourceTree = "<group>";
		};
		3BF49B5D1D21313100C08108 /* WMJWeiBo */ = {
			isa = PBXGroup;
			children = (
				3BF49B761D2214AA00C08108 /* Classes */,
				3BF49B5E1D21313100C08108 /* AppDelegate.swift */,
				3BF49B6A1D21313100C08108 /* Info.plist */,
				3BF49B741D21344F00C08108 /* Assets.xcassets */,
			);
			path = WMJWeiBo;
			sourceTree = "<group>";
		};
		3BF49B761D2214AA00C08108 /* Classes */ = {
			isa = PBXGroup;
			children = (
				3B63B9291D2DF57900FC6D5A /* OAuth */,
				3BF49B7A1D2214AA00C08108 /* Main */,
				3BF49B791D2214AA00C08108 /* Home */,
				3BF49B7C1D2214AA00C08108 /* Message */,
				3BF49B771D2214AA00C08108 /* Add */,
				3BF49B781D2214AA00C08108 /* Discover */,
				3BF49B7B1D2214AA00C08108 /* Me */,
				3BF49B7D1D2214AA00C08108 /* Tools */,
			);
			path = Classes;
			sourceTree = "<group>";
		};
		3BF49B771D2214AA00C08108 /* Add */ = {
			isa = PBXGroup;
			children = (
				3B369DB21D237A8C009EBE44 /* Add.storyboard */,
				3BF49B861D2215A400C08108 /* AddTableViewController.swift */,
			);
			path = Add;
			sourceTree = "<group>";
		};
		3BF49B781D2214AA00C08108 /* Discover */ = {
			isa = PBXGroup;
			children = (
				3B369DB41D237A9C009EBE44 /* Discover.storyboard */,
				3BF49B881D2215B100C08108 /* DiscoverTableViewController.swift */,
			);
			path = Discover;
			sourceTree = "<group>";
		};
		3BF49B791D2214AA00C08108 /* Home */ = {
			isa = PBXGroup;
			children = (
				3B31F8F31D2640F8005B2495 /* ScanCode */,
				3B369DC81D24C009009EBE44 /* Menu */,
				3B369DAE1D237A5F009EBE44 /* Home.storyboard */,
				3BF49B821D22156D00C08108 /* HomeTableViewController.swift */,
			);
			path = Home;
			sourceTree = "<group>";
		};
		3BF49B7A1D2214AA00C08108 /* Main */ = {
			isa = PBXGroup;
			children = (
				3BF49B8C1D2259BC00C08108 /* sources */,
				3BF49B801D22154C00C08108 /* MainViewController.swift */,
				3B369DAC1D23709A009EBE44 /* Main.storyboard */,
				3B369DB81D2395F7009EBE44 /* BaseTableViewController.swift */,
				3B369DBA1D23971D009EBE44 /* VisitorView.xib */,
				3B369DBC1D239753009EBE44 /* VisitorView.swift */,
			);
			path = Main;
			sourceTree = "<group>";
		};
		3BF49B7B1D2214AA00C08108 /* Me */ = {
			isa = PBXGroup;
			children = (
				3B369DB61D237AAA009EBE44 /* Me.storyboard */,
				3BF49B8A1D2215BE00C08108 /* MeTableViewController.swift */,
			);
			path = Me;
			sourceTree = "<group>";
		};
		3BF49B7C1D2214AA00C08108 /* Message */ = {
			isa = PBXGroup;
			children = (
				3B369DB01D237A7A009EBE44 /* Message.storyboard */,
				3BF49B841D22158900C08108 /* MessageTableViewController.swift */,
			);
			path = Message;
			sourceTree = "<group>";
		};
		3BF49B7D1D2214AA00C08108 /* Tools */ = {
			isa = PBXGroup;
			children = (
				3B369DAA1D2368AC009EBE44 /* UIButton+Extension.swift */,
				3B369DC01D23BF45009EBE44 /* UIBarButtonItem+Extension.swift */,
				3B369DC21D23C5D9009EBE44 /* TitleButton.swift */,
				3BE6AB9A1D2BA8700030A511 /* Common.swift */,
				3B63B9251D2D137F00FC6D5A /* String+Extension.swift */,
				3B63B9271D2DEFB800FC6D5A /* NetworkTools.swift */,
			);
			path = Tools;
			sourceTree = "<group>";
		};
		3BF49B8C1D2259BC00C08108 /* sources */ = {
			isa = PBXGroup;
			children = (
				3BF49B8D1D2259BC00C08108 /* MainVCSettings.json */,
			);
			path = sources;
			sourceTree = "<group>";
		};
		D07E25714A536B8D80540F3D /* Frameworks */ = {
			isa = PBXGroup;
			children = (
				D85A0CDFDD0AE21DB39B240A /* Pods_WMJWeiBo.framework */,
			);
			name = Frameworks;
			sourceTree = "<group>";
		};
		D0F3864799027B88E705C440 /* Pods */ = {
			isa = PBXGroup;
			children = (
				DF940D28F6903869D1BDAB17 /* Pods-WMJWeiBo.debug.xcconfig */,
				B117AD1099D64313A684CB82 /* Pods-WMJWeiBo.release.xcconfig */,
			);
			name = Pods;
			sourceTree = "<group>";
		};
/* End PBXGroup section */

/* Begin PBXNativeTarget section */
		3BF49B5A1D21313100C08108 /* WMJWeiBo */ = {
			isa = PBXNativeTarget;
			buildConfigurationList = 3BF49B6D1D21313100C08108 /* Build configuration list for PBXNativeTarget "WMJWeiBo" */;
			buildPhases = (
				D0AA524AFE53FEC1B3D9A4C4 /* 📦 Check Pods Manifest.lock */,
				3BF49B571D21313100C08108 /* Sources */,
				3BF49B581D21313100C08108 /* Frameworks */,
				3BF49B591D21313100C08108 /* Resources */,
				43CF3183083F1863936172A8 /* 📦 Embed Pods Frameworks */,
				B264777DF063850AC64D25D0 /* 📦 Copy Pods Resources */,
			);
			buildRules = (
			);
			dependencies = (
			);
			name = WMJWeiBo;
			productName = WMJWeiBo;
			productReference = 3BF49B5B1D21313100C08108 /* WMJWeiBo.app */;
			productType = "com.apple.product-type.application";
		};
/* End PBXNativeTarget section */

/* Begin PBXProject section */
		3BF49B531D21313100C08108 /* Project object */ = {
			isa = PBXProject;
			attributes = {
				LastSwiftUpdateCheck = 0720;
				LastUpgradeCheck = 0720;
				ORGANIZATIONNAME = WMJ;
				TargetAttributes = {
					3BF49B5A1D21313100C08108 = {
						CreatedOnToolsVersion = 7.2;
						DevelopmentTeam = 3XT6APJ27C;
					};
				};
			};
			buildConfigurationList = 3BF49B561D21313100C08108 /* Build configuration list for PBXProject "WMJWeiBo" */;
			compatibilityVersion = "Xcode 3.2";
			developmentRegion = English;
			hasScannedForEncodings = 0;
			knownRegions = (
				en,
				Base,
			);
			mainGroup = 3BF49B521D21313100C08108;
			productRefGroup = 3BF49B5C1D21313100C08108 /* Products */;
			projectDirPath = "";
			projectRoot = "";
			targets = (
				3BF49B5A1D21313100C08108 /* WMJWeiBo */,
			);
		};
/* End PBXProject section */

/* Begin PBXResourcesBuildPhase section */
		3BF49B591D21313100C08108 /* Resources */ = {
			isa = PBXResourcesBuildPhase;
			buildActionMask = 2147483647;
			files = (
				3B369DAD1D23709A009EBE44 /* Main.storyboard in Resources */,
				3BF49B8E1D2259BC00C08108 /* MainVCSettings.json in Resources */,
				3B369DB11D237A7A009EBE44 /* Message.storyboard in Resources */,
				3BF49B751D21344F00C08108 /* Assets.xcassets in Resources */,
				3B63B92D1D2DF61500FC6D5A /* OAuth.storyboard in Resources */,
				3B369DC51D24B7F5009EBE44 /* HomeMenu.storyboard in Resources */,
				3B31F8F71D2641A3005B2495 /* SQCode.storyboard in Resources */,
				3B369DB31D237A8C009EBE44 /* Add.storyboard in Resources */,
				3B369DB51D237A9C009EBE44 /* Discover.storyboard in Resources */,
				3B369DB71D237AAA009EBE44 /* Me.storyboard in Resources */,
				3B369DAF1D237A5F009EBE44 /* Home.storyboard in Resources */,
				3B369DBB1D23971D009EBE44 /* VisitorView.xib in Resources */,
			);
			runOnlyForDeploymentPostprocessing = 0;
		};
/* End PBXResourcesBuildPhase section */

/* Begin PBXShellScriptBuildPhase section */
		43CF3183083F1863936172A8 /* 📦 Embed Pods Frameworks */ = {
			isa = PBXShellScriptBuildPhase;
			buildActionMask = 2147483647;
			files = (
			);
			inputPaths = (
			);
			name = "📦 Embed Pods Frameworks";
			outputPaths = (
			);
			runOnlyForDeploymentPostprocessing = 0;
			shellPath = /bin/sh;
			shellScript = "\"${SRCROOT}/Pods/Target Support Files/Pods-WMJWeiBo/Pods-WMJWeiBo-frameworks.sh\"\n";
			showEnvVarsInLog = 0;
		};
		B264777DF063850AC64D25D0 /* 📦 Copy Pods Resources */ = {
			isa = PBXShellScriptBuildPhase;
			buildActionMask = 2147483647;
			files = (
			);
			inputPaths = (
			);
			name = "📦 Copy Pods Resources";
			outputPaths = (
			);
			runOnlyForDeploymentPostprocessing = 0;
			shellPath = /bin/sh;
			shellScript = "\"${SRCROOT}/Pods/Target Support Files/Pods-WMJWeiBo/Pods-WMJWeiBo-resources.sh\"\n";
			showEnvVarsInLog = 0;
		};
		D0AA524AFE53FEC1B3D9A4C4 /* 📦 Check Pods Manifest.lock */ = {
			isa = PBXShellScriptBuildPhase;
			buildActionMask = 2147483647;
			files = (
			);
			inputPaths = (
			);
			name = "📦 Check Pods Manifest.lock";
			outputPaths = (
			);
			runOnlyForDeploymentPostprocessing = 0;
			shellPath = /bin/sh;
			shellScript = "diff \"${PODS_ROOT}/../Podfile.lock\" \"${PODS_ROOT}/Manifest.lock\" > /dev/null\nif [[ $? != 0 ]] ; then\n    cat << EOM\nerror: The sandbox is not in sync with the Podfile.lock. Run 'pod install' or update your CocoaPods installation.\nEOM\n    exit 1\nfi\n";
			showEnvVarsInLog = 0;
		};
/* End PBXShellScriptBuildPhase section */

/* Begin PBXSourcesBuildPhase section */
		3BF49B571D21313100C08108 /* Sources */ = {
			isa = PBXSourcesBuildPhase;
			buildActionMask = 2147483647;
			files = (
				3BE6AB9B1D2BA8700030A511 /* Common.swift in Sources */,
				3B369DB91D2395F7009EBE44 /* BaseTableViewController.swift in Sources */,
				3BF49B831D22156D00C08108 /* HomeTableViewController.swift in Sources */,
				3BF49B5F1D21313100C08108 /* AppDelegate.swift in Sources */,
				3B63B92B1D2DF5D100FC6D5A /* OAuthViewController.swift in Sources */,
				3BF49B8B1D2215BE00C08108 /* MeTableViewController.swift in Sources */,
				3B63B9281D2DEFB800FC6D5A /* NetworkTools.swift in Sources */,
				3BF49B851D22158900C08108 /* MessageTableViewController.swift in Sources */,
				3B369DC11D23BF45009EBE44 /* UIBarButtonItem+Extension.swift in Sources */,
				3B31F8F91D2644EC005B2495 /* WMJSQCodeViewController.swift in Sources */,
				3B369DCA1D24C55D009EBE44 /* WMJPresentationController.swift in Sources */,
				3BF49B811D22154C00C08108 /* MainViewController.swift in Sources */,
				3B63B9261D2D137F00FC6D5A /* String+Extension.swift in Sources */,
				3B369DAB1D2368AC009EBE44 /* UIButton+Extension.swift in Sources */,
				3B369DBD1D239753009EBE44 /* VisitorView.swift in Sources */,
				3BF49B891D2215B100C08108 /* DiscoverTableViewController.swift in Sources */,
				3B369DC31D23C5D9009EBE44 /* TitleButton.swift in Sources */,
				3B31F8F21D260F69005B2495 /* WMJPoperTransitionManager.swift in Sources */,
				3B31F8FB1D2A073D005B2495 /* WMJSQCodeCreateViewController.swift in Sources */,
				3BF49B871D2215A400C08108 /* AddTableViewController.swift in Sources */,
				3B63B92F1D2E1F8C00FC6D5A /* UserAccount.swift in Sources */,
			);
			runOnlyForDeploymentPostprocessing = 0;
		};
/* End PBXSourcesBuildPhase section */

/* Begin XCBuildConfiguration section */
		3BF49B6B1D21313100C08108 /* Debug */ = {
			isa = XCBuildConfiguration;
			buildSettings = {
				ALWAYS_SEARCH_USER_PATHS = NO;
				CLANG_CXX_LANGUAGE_STANDARD = "gnu++0x";
				CLANG_CXX_LIBRARY = "libc++";
				CLANG_ENABLE_MODULES = YES;
				CLANG_ENABLE_OBJC_ARC = YES;
				CLANG_WARN_BOOL_CONVERSION = YES;
				CLANG_WARN_CONSTANT_CONVERSION = YES;
				CLANG_WARN_DIRECT_OBJC_ISA_USAGE = YES_ERROR;
				CLANG_WARN_EMPTY_BODY = YES;
				CLANG_WARN_ENUM_CONVERSION = YES;
				CLANG_WARN_INT_CONVERSION = YES;
				CLANG_WARN_OBJC_ROOT_CLASS = YES_ERROR;
				CLANG_WARN_UNREACHABLE_CODE = YES;
				CLANG_WARN__DUPLICATE_METHOD_MATCH = YES;
				"CODE_SIGN_IDENTITY[sdk=iphoneos*]" = "iPhone Developer";
				COPY_PHASE_STRIP = NO;
				DEBUG_INFORMATION_FORMAT = dwarf;
				ENABLE_STRICT_OBJC_MSGSEND = YES;
				ENABLE_TESTABILITY = YES;
				GCC_C_LANGUAGE_STANDARD = gnu99;
				GCC_DYNAMIC_NO_PIC = NO;
				GCC_NO_COMMON_BLOCKS = YES;
				GCC_OPTIMIZATION_LEVEL = 0;
				GCC_PREPROCESSOR_DEFINITIONS = (
					"DEBUG=1",
					"$(inherited)",
				);
				GCC_WARN_64_TO_32_BIT_CONVERSION = YES;
				GCC_WARN_ABOUT_RETURN_TYPE = YES_ERROR;
				GCC_WARN_UNDECLARED_SELECTOR = YES;
				GCC_WARN_UNINITIALIZED_AUTOS = YES_AGGRESSIVE;
				GCC_WARN_UNUSED_FUNCTION = YES;
				GCC_WARN_UNUSED_VARIABLE = YES;
				IPHONEOS_DEPLOYMENT_TARGET = 9.2;
				MTL_ENABLE_DEBUG_INFO = YES;
				ONLY_ACTIVE_ARCH = YES;
				SDKROOT = iphoneos;
				SWIFT_OPTIMIZATION_LEVEL = "-Onone";
				TARGETED_DEVICE_FAMILY = "1,2";
			};
			name = Debug;
		};
		3BF49B6C1D21313100C08108 /* Release */ = {
			isa = XCBuildConfiguration;
			buildSettings = {
				ALWAYS_SEARCH_USER_PATHS = NO;
				CLANG_CXX_LANGUAGE_STANDARD = "gnu++0x";
				CLANG_CXX_LIBRARY = "libc++";
				CLANG_ENABLE_MODULES = YES;
				CLANG_ENABLE_OBJC_ARC = YES;
				CLANG_WARN_BOOL_CONVERSION = YES;
				CLANG_WARN_CONSTANT_CONVERSION = YES;
				CLANG_WARN_DIRECT_OBJC_ISA_USAGE = YES_ERROR;
				CLANG_WARN_EMPTY_BODY = YES;
				CLANG_WARN_ENUM_CONVERSION = YES;
				CLANG_WARN_INT_CONVERSION = YES;
				CLANG_WARN_OBJC_ROOT_CLASS = YES_ERROR;
				CLANG_WARN_UNREACHABLE_CODE = YES;
				CLANG_WARN__DUPLICATE_METHOD_MATCH = YES;
				"CODE_SIGN_IDENTITY[sdk=iphoneos*]" = "iPhone Developer";
				COPY_PHASE_STRIP = NO;
				DEBUG_INFORMATION_FORMAT = "dwarf-with-dsym";
				ENABLE_NS_ASSERTIONS = NO;
				ENABLE_STRICT_OBJC_MSGSEND = YES;
				GCC_C_LANGUAGE_STANDARD = gnu99;
				GCC_NO_COMMON_BLOCKS = YES;
				GCC_WARN_64_TO_32_BIT_CONVERSION = YES;
				GCC_WARN_ABOUT_RETURN_TYPE = YES_ERROR;
				GCC_WARN_UNDECLARED_SELECTOR = YES;
				GCC_WARN_UNINITIALIZED_AUTOS = YES_AGGRESSIVE;
				GCC_WARN_UNUSED_FUNCTION = YES;
				GCC_WARN_UNUSED_VARIABLE = YES;
				IPHONEOS_DEPLOYMENT_TARGET = 9.2;
				MTL_ENABLE_DEBUG_INFO = NO;
				SDKROOT = iphoneos;
				TARGETED_DEVICE_FAMILY = "1,2";
				VALIDATE_PRODUCT = YES;
			};
			name = Release;
		};
		3BF49B6E1D21313100C08108 /* Debug */ = {
			isa = XCBuildConfiguration;
			baseConfigurationReference = DF940D28F6903869D1BDAB17 /* Pods-WMJWeiBo.debug.xcconfig */;
			buildSettings = {
				ASSETCATALOG_COMPILER_APPICON_NAME = AppIcon;
				ASSETCATALOG_COMPILER_LAUNCHIMAGE_NAME = "Brand Assets";
				CODE_SIGN_IDENTITY = "iPhone Developer";
				"CODE_SIGN_IDENTITY[sdk=iphoneos*]" = "iPhone Developer";
				INFOPLIST_FILE = WMJWeiBo/Info.plist;
				IPHONEOS_DEPLOYMENT_TARGET = 9.0;
				LD_RUNPATH_SEARCH_PATHS = "$(inherited) @executable_path/Frameworks";
				OTHER_SWIFT_FLAGS = "-D DEBUG";
				PRODUCT_BUNDLE_IDENTIFIER = cn.com.lumf.WMJWeiBo;
				PRODUCT_NAME = "$(TARGET_NAME)";
				PROVISIONING_PROFILE = "";
			};
			name = Debug;
		};
		3BF49B6F1D21313100C08108 /* Release */ = {
			isa = XCBuildConfiguration;
			baseConfigurationReference = B117AD1099D64313A684CB82 /* Pods-WMJWeiBo.release.xcconfig */;
			buildSettings = {
				ASSETCATALOG_COMPILER_APPICON_NAME = AppIcon;
				ASSETCATALOG_COMPILER_LAUNCHIMAGE_NAME = "Brand Assets";
				CODE_SIGN_IDENTITY = "iPhone Developer";
				"CODE_SIGN_IDENTITY[sdk=iphoneos*]" = "iPhone Developer";
				INFOPLIST_FILE = WMJWeiBo/Info.plist;
				IPHONEOS_DEPLOYMENT_TARGET = 9.0;
				LD_RUNPATH_SEARCH_PATHS = "$(inherited) @executable_path/Frameworks";
				PRODUCT_BUNDLE_IDENTIFIER = cn.com.lumf.WMJWeiBo;
				PRODUCT_NAME = "$(TARGET_NAME)";
				PROVISIONING_PROFILE = "";
			};
			name = Release;
		};
/* End XCBuildConfiguration section */

/* Begin XCConfigurationList section */
		3BF49B561D21313100C08108 /* Build configuration list for PBXProject "WMJWeiBo" */ = {
			isa = XCConfigurationList;
			buildConfigurations = (
				3BF49B6B1D21313100C08108 /* Debug */,
				3BF49B6C1D21313100C08108 /* Release */,
			);
			defaultConfigurationIsVisible = 0;
			defaultConfigurationName = Release;
		};
		3BF49B6D1D21313100C08108 /* Build configuration list for PBXNativeTarget "WMJWeiBo" */ = {
			isa = XCConfigurationList;
			buildConfigurations = (
				3BF49B6E1D21313100C08108 /* Debug */,
				3BF49B6F1D21313100C08108 /* Release */,
			);
			defaultConfigurationIsVisible = 0;
			defaultConfigurationName = Release;
		};
/* End XCConfigurationList section */
	};
	rootObject = 3BF49B531D21313100C08108 /* Project object */;
}
